
Microsoft Visual Studio Solution File, Format Version 12.00
# Visual Studio Version 17
VisualStudioVersion = 17.11.35312.102
MinimumVisualStudioVersion = 10.0.40219.1
Project("{FAE04EC0-301F-11D3-BF4B-00C04F79EFBC}") = "Pharmacy", "Pharmacy\Pharmacy.csproj", "{304D67F7-4A50-4402-B7DA-DCDE75376E6A}"
EndProject
Global
	GlobalSection(SolutionConfigurationPlatforms) = preSolution
		Debug|Any CPU = Debug|Any CPU
		Release|Any CPU = Release|Any CPU
	EndGlobalSection
	GlobalSection(ProjectConfigurationPlatforms) = postSolution
		{304D67F7-4A50-4402-B7DA-DCDE75376E6A}.Debug|Any CPU.ActiveCfg = Debug|Any CPU
		{304D67F7-4A50-4402-B7DA-DCDE75376E6A}.Debug|Any CPU.Build.0 = Debug|Any CPU
		{304D67F7-4A50-4402-B7DA-DCDE75376E6A}.Release|Any CPU.ActiveCfg = Release|Any CPU
		{304D67F7-4A50-4402-B7DA-DCDE75376E6A}.Release|Any CPU.Build.0 = Release|Any CPU
	EndGlobalSection
	GlobalSection(SolutionProperties) = preSolution
		HideSolutionNode = FALSE
	EndGlobalSection
	GlobalSection(ExtensibilityGlobals) = postSolution
		SolutionGuid = {21ACEC42-F36D-4F3D-925E-44D918401CD8}
	EndGlobalSection
EndGlobal
